
Microsoft Visual Studio Solution File, Format Version 12.00
# Visual Studio 15
VisualStudioVersion = 15.0.28307.421
MinimumVisualStudioVersion = 10.0.40219.1
Project("{FAE04EC0-301F-11D3-BF4B-00C04F79EFBC}") = "SKA_Inventario", "SKA_Inventario\SKA_Inventario.csproj", "{8A6ECE8C-B675-4FF1-971C-5FC5A88359A9}"
EndProject
Global
	GlobalSection(SolutionConfigurationPlatforms) = preSolution
		Debug|Any CPU = Debug|Any CPU
		Release|Any CPU = Release|Any CPU
	EndGlobalSection
	GlobalSection(ProjectConfigurationPlatforms) = postSolution
		{8A6ECE8C-B675-4FF1-971C-5FC5A88359A9}.Debug|Any CPU.ActiveCfg = Debug|Any CPU
		{8A6ECE8C-B675-4FF1-971C-5FC5A88359A9}.Debug|Any CPU.Build.0 = Debug|Any CPU
		{8A6ECE8C-B675-4FF1-971C-5FC5A88359A9}.Release|Any CPU.ActiveCfg = Release|Any CPU
		{8A6ECE8C-B675-4FF1-971C-5FC5A88359A9}.Release|Any CPU.Build.0 = Release|Any CPU
	EndGlobalSection
	GlobalSection(SolutionProperties) = preSolution
		HideSolutionNode = FALSE
	EndGlobalSection
	GlobalSection(ExtensibilityGlobals) = postSolution
		SolutionGuid = {A607A6EE-2814-45F4-BED3-3F0C28032B09}
	EndGlobalSection
EndGlobal
